
Microsoft Visual Studio Solution File, Format Version 12.00
# Visual Studio Version 17
VisualStudioVersion = 17.1.32407.343
MinimumVisualStudioVersion = 10.0.40219.1
Project("{8BC9CEB8-8B4A-11D0-8D11-00A0C91BC942}") = "Milliseconds_In_2022", "Milliseconds_In_2022\Milliseconds_In_2022.vcxproj", "{9A7340FB-5755-485F-AD2D-C83D868875DC}"
EndProject
Project("{8BC9CEB8-8B4A-11D0-8D11-00A0C91BC942}") = "How_Much_For_The_Feed", "How_Much_For_The_Feed\How_Much_For_The_Feed.vcxproj", "{10AC930D-8C07-4B26-9EE2-C2268C9048EF}"
EndProject
Project("{8BC9CEB8-8B4A-11D0-8D11-00A0C91BC942}") = "Currency_Exchange", "Currency_Exchange\Currency_Exchange.vcxproj", "{ED336C20-4506-4B4C-89E3-98E51975DF01}"
EndProject
Global
	GlobalSection(SolutionConfigurationPlatforms) = preSolution
		Debug|x64 = Debug|x64
		Debug|x86 = Debug|x86
		Release|x64 = Release|x64
		Release|x86 = Release|x86
	EndGlobalSection
	GlobalSection(ProjectConfigurationPlatforms) = postSolution
		{9A7340FB-5755-485F-AD2D-C83D868875DC}.Debug|x64.ActiveCfg = Debug|x64
		{9A7340FB-5755-485F-AD2D-C83D868875DC}.Debug|x64.Build.0 = Debug|x64
		{9A7340FB-5755-485F-AD2D-C83D868875DC}.Debug|x86.ActiveCfg = Debug|Win32
		{9A7340FB-5755-485F-AD2D-C83D868875DC}.Debug|x86.Build.0 = Debug|Win32
		{9A7340FB-5755-485F-AD2D-C83D868875DC}.Release|x64.ActiveCfg = Release|x64
		{9A7340FB-5755-485F-AD2D-C83D868875DC}.Release|x64.Build.0 = Release|x64
		{9A7340FB-5755-485F-AD2D-C83D868875DC}.Release|x86.ActiveCfg = Release|Win32
		{9A7340FB-5755-485F-AD2D-C83D868875DC}.Release|x86.Build.0 = Release|Win32
		{10AC930D-8C07-4B26-9EE2-C2268C9048EF}.Debug|x64.ActiveCfg = Debug|x64
		{10AC930D-8C07-4B26-9EE2-C2268C9048EF}.Debug|x64.Build.0 = Debug|x64
		{10AC930D-8C07-4B26-9EE2-C2268C9048EF}.Debug|x86.ActiveCfg = Debug|Win32
		{10AC930D-8C07-4B26-9EE2-C2268C9048EF}.Debug|x86.Build.0 = Debug|Win32
		{10AC930D-8C07-4B26-9EE2-C2268C9048EF}.Release|x64.ActiveCfg = Release|x64
		{10AC930D-8C07-4B26-9EE2-C2268C9048EF}.Release|x64.Build.0 = Release|x64
		{10AC930D-8C07-4B26-9EE2-C2268C9048EF}.Release|x86.ActiveCfg = Release|Win32
		{10AC930D-8C07-4B26-9EE2-C2268C9048EF}.Release|x86.Build.0 = Release|Win32
		{ED336C20-4506-4B4C-89E3-98E51975DF01}.Debug|x64.ActiveCfg = Debug|x64
		{ED336C20-4506-4B4C-89E3-98E51975DF01}.Debug|x64.Build.0 = Debug|x64
		{ED336C20-4506-4B4C-89E3-98E51975DF01}.Debug|x86.ActiveCfg = Debug|Win32
		{ED336C20-4506-4B4C-89E3-98E51975DF01}.Debug|x86.Build.0 = Debug|Win32
		{ED336C20-4506-4B4C-89E3-98E51975DF01}.Release|x64.ActiveCfg = Release|x64
		{ED336C20-4506-4B4C-89E3-98E51975DF01}.Release|x64.Build.0 = Release|x64
		{ED336C20-4506-4B4C-89E3-98E51975DF01}.Release|x86.ActiveCfg = Release|Win32
		{ED336C20-4506-4B4C-89E3-98E51975DF01}.Release|x86.Build.0 = Release|Win32
	EndGlobalSection
	GlobalSection(SolutionProperties) = preSolution
		HideSolutionNode = FALSE
	EndGlobalSection
	GlobalSection(ExtensibilityGlobals) = postSolution
		SolutionGuid = {7D971B69-CA8F-4C9A-B0FA-9D791954ABCF}
	EndGlobalSection
EndGlobal
